
Microsoft Visual Studio Solution File, Format Version 12.00
# Visual Studio Version 17
VisualStudioVersion = 17.2.32602.215
MinimumVisualStudioVersion = 10.0.40219.1
Project("{FAE04EC0-301F-11D3-BF4B-00C04F79EFBC}") = "calculator in web", "calculator in web\calculator in web.csproj", "{05BC3340-A44F-4C0B-9479-8688344EA598}"
EndProject
Global
	GlobalSection(SolutionConfigurationPlatforms) = preSolution
		Debug|Any CPU = Debug|Any CPU
		Release|Any CPU = Release|Any CPU
	EndGlobalSection
	GlobalSection(ProjectConfigurationPlatforms) = postSolution
		{05BC3340-A44F-4C0B-9479-8688344EA598}.Debug|Any CPU.ActiveCfg = Debug|Any CPU
		{05BC3340-A44F-4C0B-9479-8688344EA598}.Debug|Any CPU.Build.0 = Debug|Any CPU
		{05BC3340-A44F-4C0B-9479-8688344EA598}.Release|Any CPU.ActiveCfg = Release|Any CPU
		{05BC3340-A44F-4C0B-9479-8688344EA598}.Release|Any CPU.Build.0 = Release|Any CPU
	EndGlobalSection
	GlobalSection(SolutionProperties) = preSolution
		HideSolutionNode = FALSE
	EndGlobalSection
	GlobalSection(ExtensibilityGlobals) = postSolution
		SolutionGuid = {0DC33F48-6822-4D10-A1A1-499ACE44AC5C}
	EndGlobalSection
EndGlobal
